
Microsoft Visual Studio Solution File, Format Version 12.00
# Visual Studio 15
VisualStudioVersion = 15.0.27130.2036
MinimumVisualStudioVersion = 10.0.40219.1
Project("{8BC9CEB8-8B4A-11D0-8D11-00A0C91BC942}") = "WindowsRayTracer", "WindowsRayTracer.vcxproj", "{D2B0BD08-70DB-4E7C-A7D5-902C33D20C91}"
EndProject
Global
	GlobalSection(SolutionConfigurationPlatforms) = preSolution
		Debug|x64 = Debug|x64
		Debug|x86 = Debug|x86
		Release|x64 = Release|x64
		Release|x86 = Release|x86
	EndGlobalSection
	GlobalSection(ProjectConfigurationPlatforms) = postSolution
		{D2B0BD08-70DB-4E7C-A7D5-902C33D20C91}.Debug|x64.ActiveCfg = Debug|x64
		{D2B0BD08-70DB-4E7C-A7D5-902C33D20C91}.Debug|x64.Build.0 = Debug|x64
		{D2B0BD08-70DB-4E7C-A7D5-902C33D20C91}.Debug|x86.ActiveCfg = Debug|Win32
		{D2B0BD08-70DB-4E7C-A7D5-902C33D20C91}.Debug|x86.Build.0 = Debug|Win32
		{D2B0BD08-70DB-4E7C-A7D5-902C33D20C91}.Release|x64.ActiveCfg = Release|x64
		{D2B0BD08-70DB-4E7C-A7D5-902C33D20C91}.Release|x64.Build.0 = Release|x64
		{D2B0BD08-70DB-4E7C-A7D5-902C33D20C91}.Release|x86.ActiveCfg = Release|Win32
		{D2B0BD08-70DB-4E7C-A7D5-902C33D20C91}.Release|x86.Build.0 = Release|Win32
	EndGlobalSection
	GlobalSection(SolutionProperties) = preSolution
		HideSolutionNode = FALSE
	EndGlobalSection
	GlobalSection(ExtensibilityGlobals) = postSolution
		SolutionGuid = {7F29B9EF-9E57-409F-89B9-4C2587CBC173}
	EndGlobalSection
EndGlobal
